
Microsoft Visual Studio Solution File, Format Version 12.00
# Visual Studio 2013
VisualStudioVersion = 12.0.21005.1
MinimumVisualStudioVersion = 10.0.40219.1
Project("{FAE04EC0-301F-11D3-BF4B-00C04F79EFBC}") = "GeoWcf.Contracts", "GeoWcf.Contracts\GeoWcf.Contracts.csproj", "{56AE0951-0A03-4583-BEE0-F9B0378A95B6}"
EndProject
Project("{FAE04EC0-301F-11D3-BF4B-00C04F79EFBC}") = "GeoWcf.Core", "GeoWcf.Core\GeoWcf.Core.csproj", "{D17899B6-9B40-4A2B-8629-99A89556EC3A}"
EndProject
Project("{FAE04EC0-301F-11D3-BF4B-00C04F79EFBC}") = "GeoWcf.Data", "GeoWcf.Data\GeoWcf.Data.csproj", "{816F74A5-C59E-491D-8AA1-3CA1D0D64D76}"
EndProject
Project("{FAE04EC0-301F-11D3-BF4B-00C04F79EFBC}") = "GeoWcf.Services", "GeoWcf.Services\GeoWcf.Services.csproj", "{AE465C3D-D559-4714-B2A9-1D734DD793B7}"
EndProject
Project("{FAE04EC0-301F-11D3-BF4B-00C04F79EFBC}") = "GeoWcf.Tests", "GeoWcf.Tests\GeoWcf.Tests.csproj", "{1177B7DF-2659-4135-89F2-A0A676D23800}"
EndProject
Project("{2150E333-8FDC-42A3-9474-1A3956D46DE8}") = "Hosting", "Hosting", "{7D5164E0-D153-4DEA-8D1A-619CA3E2FD0E}"
EndProject
Project("{FAE04EC0-301F-11D3-BF4B-00C04F79EFBC}") = "GeoWcf.ConsoleHost", "GeoWcf.ConsoleHost\GeoWcf.ConsoleHost.csproj", "{5C9FB331-95F8-4960-A06F-FCAAA65BD965}"
EndProject
Project("{FAE04EC0-301F-11D3-BF4B-00C04F79EFBC}") = "GeoWcf.WebHost", "GeoWcf.WebHost\GeoWcf.WebHost.csproj", "{E82A0839-2D08-48EA-8727-D2000D44347F}"
EndProject
Project("{FAE04EC0-301F-11D3-BF4B-00C04F79EFBC}") = "GeoWcf.Proxies", "GeoWcf.Proxies\GeoWcf.Proxies.csproj", "{6C965294-00E6-41C8-A41F-AB79C499A78B}"
EndProject
Project("{FAE04EC0-301F-11D3-BF4B-00C04F79EFBC}") = "GeoWcf.Client.Wpf", "GeoWcf.Client.Wpf\GeoWcf.Client.Wpf.csproj", "{7C1F1A0D-4119-4CF7-9F83-03DF2732CEFE}"
EndProject
Global
	GlobalSection(SolutionConfigurationPlatforms) = preSolution
		Debug|Any CPU = Debug|Any CPU
		Release|Any CPU = Release|Any CPU
	EndGlobalSection
	GlobalSection(ProjectConfigurationPlatforms) = postSolution
		{56AE0951-0A03-4583-BEE0-F9B0378A95B6}.Debug|Any CPU.ActiveCfg = Debug|Any CPU
		{56AE0951-0A03-4583-BEE0-F9B0378A95B6}.Debug|Any CPU.Build.0 = Debug|Any CPU
		{56AE0951-0A03-4583-BEE0-F9B0378A95B6}.Release|Any CPU.ActiveCfg = Release|Any CPU
		{56AE0951-0A03-4583-BEE0-F9B0378A95B6}.Release|Any CPU.Build.0 = Release|Any CPU
		{D17899B6-9B40-4A2B-8629-99A89556EC3A}.Debug|Any CPU.ActiveCfg = Debug|Any CPU
		{D17899B6-9B40-4A2B-8629-99A89556EC3A}.Debug|Any CPU.Build.0 = Debug|Any CPU
		{D17899B6-9B40-4A2B-8629-99A89556EC3A}.Release|Any CPU.ActiveCfg = Release|Any CPU
		{D17899B6-9B40-4A2B-8629-99A89556EC3A}.Release|Any CPU.Build.0 = Release|Any CPU
		{816F74A5-C59E-491D-8AA1-3CA1D0D64D76}.Debug|Any CPU.ActiveCfg = Debug|Any CPU
		{816F74A5-C59E-491D-8AA1-3CA1D0D64D76}.Debug|Any CPU.Build.0 = Debug|Any CPU
		{816F74A5-C59E-491D-8AA1-3CA1D0D64D76}.Release|Any CPU.ActiveCfg = Release|Any CPU
		{816F74A5-C59E-491D-8AA1-3CA1D0D64D76}.Release|Any CPU.Build.0 = Release|Any CPU
		{AE465C3D-D559-4714-B2A9-1D734DD793B7}.Debug|Any CPU.ActiveCfg = Debug|Any CPU
		{AE465C3D-D559-4714-B2A9-1D734DD793B7}.Debug|Any CPU.Build.0 = Debug|Any CPU
		{AE465C3D-D559-4714-B2A9-1D734DD793B7}.Release|Any CPU.ActiveCfg = Release|Any CPU
		{AE465C3D-D559-4714-B2A9-1D734DD793B7}.Release|Any CPU.Build.0 = Release|Any CPU
		{1177B7DF-2659-4135-89F2-A0A676D23800}.Debug|Any CPU.ActiveCfg = Debug|Any CPU
		{1177B7DF-2659-4135-89F2-A0A676D23800}.Debug|Any CPU.Build.0 = Debug|Any CPU
		{1177B7DF-2659-4135-89F2-A0A676D23800}.Release|Any CPU.ActiveCfg = Release|Any CPU
		{1177B7DF-2659-4135-89F2-A0A676D23800}.Release|Any CPU.Build.0 = Release|Any CPU
		{5C9FB331-95F8-4960-A06F-FCAAA65BD965}.Debug|Any CPU.ActiveCfg = Debug|Any CPU
		{5C9FB331-95F8-4960-A06F-FCAAA65BD965}.Debug|Any CPU.Build.0 = Debug|Any CPU
		{5C9FB331-95F8-4960-A06F-FCAAA65BD965}.Release|Any CPU.ActiveCfg = Release|Any CPU
		{5C9FB331-95F8-4960-A06F-FCAAA65BD965}.Release|Any CPU.Build.0 = Release|Any CPU
		{E82A0839-2D08-48EA-8727-D2000D44347F}.Debug|Any CPU.ActiveCfg = Debug|Any CPU
		{E82A0839-2D08-48EA-8727-D2000D44347F}.Debug|Any CPU.Build.0 = Debug|Any CPU
		{E82A0839-2D08-48EA-8727-D2000D44347F}.Release|Any CPU.ActiveCfg = Release|Any CPU
		{E82A0839-2D08-48EA-8727-D2000D44347F}.Release|Any CPU.Build.0 = Release|Any CPU
		{6C965294-00E6-41C8-A41F-AB79C499A78B}.Debug|Any CPU.ActiveCfg = Debug|Any CPU
		{6C965294-00E6-41C8-A41F-AB79C499A78B}.Debug|Any CPU.Build.0 = Debug|Any CPU
		{6C965294-00E6-41C8-A41F-AB79C499A78B}.Release|Any CPU.ActiveCfg = Release|Any CPU
		{6C965294-00E6-41C8-A41F-AB79C499A78B}.Release|Any CPU.Build.0 = Release|Any CPU
		{7C1F1A0D-4119-4CF7-9F83-03DF2732CEFE}.Debug|Any CPU.ActiveCfg = Debug|Any CPU
		{7C1F1A0D-4119-4CF7-9F83-03DF2732CEFE}.Debug|Any CPU.Build.0 = Debug|Any CPU
		{7C1F1A0D-4119-4CF7-9F83-03DF2732CEFE}.Release|Any CPU.ActiveCfg = Release|Any CPU
		{7C1F1A0D-4119-4CF7-9F83-03DF2732CEFE}.Release|Any CPU.Build.0 = Release|Any CPU
	EndGlobalSection
	GlobalSection(SolutionProperties) = preSolution
		HideSolutionNode = FALSE
	EndGlobalSection
	GlobalSection(NestedProjects) = preSolution
		{5C9FB331-95F8-4960-A06F-FCAAA65BD965} = {7D5164E0-D153-4DEA-8D1A-619CA3E2FD0E}
		{E82A0839-2D08-48EA-8727-D2000D44347F} = {7D5164E0-D153-4DEA-8D1A-619CA3E2FD0E}
	EndGlobalSection
EndGlobal
